github.com/Azure/azure-pipeline-go v0.0.0-20180607212504-7571e8eb0876 h1:3c3mGlhASTJh6H6Ba9EHv2FDSmEUyJuJHR6UD7b+YuE=
github.com/Azure/azure-pipeline-go v0.0.0-20180607212504-7571e8eb0876/go.mod h1:XA1kFWRVhSK+KNFiOhfv83Fv8L9achrP7OxIzeTn1Yg=
github.com/Azure/azure-storage-blob-go v0.0.0-20180706173141-f0a732ea9441 h1:+WyzCGnfRxaIcL2Lo31FJxWOablCVOtPwYOx1Zw8jHk=
github.com/Azure/azure-storage-blob-go v0.0.0-20180706173141-f0a732ea9441/go.mod h1:x2mtS6O3mnMEZOJp7d7oldh8IvatBrMfReiyQ+cKgKY=
github.com/BurntSushi/toml v0.2.1-0.20160426202516-f0aeabca5a12/go.mod h1:xHWCNGjB5oqiDr8zfno3MHue2Ht5sIBksp03qcyfWMU=
github.com/BurntSushi/toml v0.3.1 h1:WXkYYl6Yr3qBf1K79EBnL4mak0OimBfB0XUf9Vl28OQ=
github.com/BurntSushi/toml v0.3.1/go.mod h1:xHWCNGjB5oqiDr8zfno3MHue2Ht5sIBksp03qcyfWMU=
github.com/ajstarks/svgo v0.0.0-20170507103333-2489f1e6d405 h1:E3pMm5U/0iiSXBwp6zy0SuTjV5wF+oTsedF2L1kplcc=
github.com/ajstarks/svgo v0.0.0-20170507103333-2489f1e6d405/go.mod h1:K08gAheRH3/J6wwsYMMT4xOr94bZjxIelGM0+d/wbFw=
github.com/akrylysov/algnhsa v0.12.1 h1:A9Ojt4hZrL77mhBc3qGO3Sn9reyf+tvM3DmR0SfXguc=
github.com/akrylysov/algnhsa v0.12.1/go.mod h1:xAcJ/X8DV+81e+dUjIoB/r5CbISrSXV9//leoMDHcdk=
github.com/aws/aws-lambda-go v1.9.0/go.mod h1:zUsUQhAUjYzR8AuduJPCfhBuKWUaDbQiPOG+ouzmE1A=
github.com/aws/aws-lambda-go v1.13.1 h1:qVIOD3UrEUo4amwgEBu6AI0CfnBsp71XJEYU05RbQ1k=
github.com/aws/aws-lambda-go v1.13.1/go.mod h1:z4ywteZ5WwbIEzG0tXizIAUlUwkTNNknX4upd5Z5XJM=
github.com/aws/aws-sdk-go v1.12.44-0.20171207221737-00379a7e831f h1:EcOFCUOuwDmfZuvBlMl0fA3nn+gmg+SBuk2Z5ilq9Ms=
github.com/aws/aws-sdk-go v1.12.44-0.20171207221737-00379a7e831f/go.mod h1:ZRmQr0FajVIyZ4ZzBYKG5P3ZqPz9IHG41ZoMu1ADI3k=
github.com/davecgh/go-spew v1.1.0/go.mod h1:J7Y8YcW2NihsgmVo/mv3lAwl/skON4iLHjSsI+c5H38=
github.com/dimfeld/httptreemux v5.0.1+incompatible h1:Qj3gVcDNoOthBAqftuD596rm4wg/adLLz5xh5CmpiCA=
github.com/dimfeld/httptreemux v5.0.1+incompatible/go.mod h1:rbUlSV+CCpv/SuqUTP/8Bk2O3LyUV436/yaRGkhP6Z0=
github.com/gdey/bastet v0.0.0-20180226195348-314ac74cee07/go.mod h1:jcrddks/80ZNl6dQ3Km7ovUpVRvbp356LJyqKW1uWqk=
github.com/gdey/errors v0.0.0-20190426172550-8ebd5bc891fb h1:FYO+lZtAUnakgSW9xYs7QvgawjCDM5wgHaXoDhYHNH4=
github.com/gdey/errors v0.0.0-20190426172550-8ebd5bc891fb/go.mod h1:PFaV7MgSRe92Wo9O2H2i1CIm7urUk10AgdSHKyBfjmQ=
github.com/gdey/tbltest v0.0.0-20170331191646-af8abc47b052 h1:uDErRK65HpAslYsynvi7QVzqNYJELGmG2ijcBT/GKJo=
github.com/gdey/tbltest v0.0.0-20170331191646-af8abc47b052/go.mod h1:O0rUOxGq87ndwSAK+YVv/8g40Wbre/OSPCU8GlgUyPk=
github.com/go-ini/ini v1.28.3-0.20170813052230-c787282c39ac h1:Ds6vWsRL/ivkqGuoh6BV5SElghKtwljj+FEEQ0kSwHE=
github.com/go-ini/ini v1.28.3-0.20170813052230-c787282c39ac/go.mod h1:ByCAeIL28uOIIG0E3PJtZPDL8WnHpFKFOtgjp+3Ies8=
github.com/go-redis/redis v6.9.0+incompatible h1:TYmqCy++WwnKkrf+NJA2QuKdgkpeIr3IlPU3xnvqK/g=
github.com/go-redis/redis v6.9.0+incompatible/go.mod h1:NAIEuMOZ/fxfXJIrKDQDz8wamY7mA7PouImQ2Jvg6kA=
github.com/go-spatial/cobra v0.0.3-0.20181105183926-68194e4fbcc6 h1:JZlproLIh4Xx/5QEd6pJq8g0vdwaaxufffEC6egRpVY=
github.com/go-spatial/cobra v0.0.3-0.20181105183926-68194e4fbcc6/go.mod h1:f1ZQ97aEXWRWGYAZPB9oKTvG/PejtuPD3W/TUXkMlc8=
github.com/go-spatial/geom v0.0.0-20190821234737-802ab2533ab4 h1:86C+kh/YYFdiZ+LY/zbNPcyJS9kEbbOngCDPCa3nHlA=
github.com/go-spatial/geom v0.0.0-20190821234737-802ab2533ab4/go.mod h1:ysDXHAm45k1iWrWWOFdbjksiQFWmWLeFgbeuv6n7XiY=
github.com/go-spatial/geom v0.0.0-20191115190231-0905ac843a79 h1:owrbvJQWiEWMZTNbdbVouhHygl777uhRJMljKOexBKc=
github.com/go-spatial/geom v0.0.0-20191115190231-0905ac843a79/go.mod h1:ysDXHAm45k1iWrWWOFdbjksiQFWmWLeFgbeuv6n7XiY=
github.com/go-test/deep v0.0.0-20170429201529-f49763a6ea0a h1:TbXiwp5vd0XKd2ltBykuGFU+P/HltF3q/ix+Cbh053k=
github.com/go-test/deep v0.0.0-20170429201529-f49763a6ea0a/go.mod h1:wGDj63lr65AM2AQyKZd/NYHGb0R+1RLqB8NKt3aSFNA=
github.com/golang/protobuf v1.0.0 h1:lsek0oXi8iFE9L+EXARyHIjU5rlWIhhTkjDz3vHhWWQ=
github.com/golang/protobuf v1.0.0/go.mod h1:6lQm79b+lXiMfvg/cZm0SGofjICqVBUtrP5yJMmIC1U=
github.com/inconshreveable/mousetrap v1.0.0 h1:Z8tu5sraLXCXIcARxBp/8cbvlwVa7Z1NHg9XEKhtSvM=
github.com/inconshreveable/mousetrap v1.0.0/go.mod h1:PxqpIevigyE2G7u3NXJIT2ANytuPF1OarO4DADm73n8=
github.com/jackc/pgx v3.2.0+incompatible h1:0Vihzu20St42/UDsvZGdNE6jak7oi/UOeMzwMPHkgFY=
github.com/jackc/pgx v3.2.0+incompatible/go.mod h1:0ZGrqGqkRlliWnWB4zKnWtjbSWbGkVEFm4TeybAXq+I=
github.com/jmespath/go-jmespath v0.0.0-20160803190731-bd40a432e4c7 h1:SMvOWPJCES2GdFracYbBQh93GXac8fq7HeN6JnpduB8=
github.com/jmespath/go-jmespath v0.0.0-20160803190731-bd40a432e4c7/go.mod h1:Nht3zPeWKUH0NzdCt2Blrr5ys8VGpn0CEB0cQHVjt7k=
github.com/jteeuwen/go-bindata v3.0.8-0.20151023091102-a0ff2567cfb7+incompatible h1:KTM14h3AKWWcPf5IWS/pcFTZosRmoqdIYzqi0mMG7es=
github.com/jteeuwen/go-bindata v3.0.8-0.20151023091102-a0ff2567cfb7+incompatible/go.mod h1:JVvhzYOiGBnFSYRyV00iY8q7/0PThjIYav1p9h5dmKs=
github.com/karalabe/xgo v0.0.0-20180416083054-f99c776585a0/go.mod h1:iYGcTYIPUvEWhFo6aKUuLchs+AV4ssYdyuBbQJZGcBk=
github.com/mattn/go-sqlite3 v1.10.1-0.20190315083729-31f5bb843b78 h1:YkCyKWx+oQqvpCLL7VOMF1ISriEPIK5cDnpb9fmDz/0=
github.com/mattn/go-sqlite3 v1.10.1-0.20190315083729-31f5bb843b78/go.mod h1:FPy6KqzDD04eiIsT53CuJW3U88zkxoIYsOqkbpncsNc=
github.com/mattn/goveralls v0.0.2/go.mod h1:8d1ZMHsd7fW6IRPKQh46F2WRpyib5/X4FOpevwGNQEw=
github.com/mattn/goveralls v0.0.5 h1:spfq8AyZ0cCk57Za6/juJ5btQxeE1FaEGMdfcI+XO48=
github.com/mattn/goveralls v0.0.5/go.mod h1:Xg2LHi51faXLyKXwsndxiW6uxEEQT9+3sjGzzwU4xy0=
github.com/pborman/uuid v0.0.0-20170612153648-e790cca94e6c h1:MUyE44mTvnI5A0xrxIxaMqoWFzPfQvtE2IWUollMDMs=
github.com/pborman/uuid v0.0.0-20170612153648-e790cca94e6c/go.mod h1:VyrYX9gd7irzKovcSS6BIIEwPRkP2Wm2m9ufcdFSJ34=
github.com/pkg/errors v0.8.1-0.20180311214515-816c9085562c h1:SZvPVPsWE261bl8uxQ6Siq+ExNmYomz4CTU9E0ALgj4=
github.com/pkg/errors v0.8.1-0.20180311214515-816c9085562c/go.mod h1:bwawxfHBFNV+L2hUp1rHADufV3IMtnDRdf1r5NINEl0=
github.com/pmezard/go-difflib v1.0.0/go.mod h1:iKH77koFhYxTK1pcRnkKkqfTogsbg7gZNVY4sRDYZ/4=
github.com/spf13/pflag v1.0.1-0.20180410213010-329ebf1e0480 h1:pLamOf1xjYrzcyk3LmIJ3nIiey/j0n0d9dWLmr9i3Yk=
github.com/spf13/pflag v1.0.1-0.20180410213010-329ebf1e0480/go.mod h1:DYY7MBk1bdzusC3SYhjObp+wFpr4gzcvqqNjLnInEg4=
github.com/stretchr/objx v0.1.0/go.mod h1:HFkY916IF+rwdDfMAkV7OtwuqBVzrE8GR6GFx+wExME=
github.com/stretchr/testify v1.3.0/go.mod h1:M5WIy9Dh21IEIfnGCwXGc5bZfKNJtfHm1UVUgZn+9EI=
github.com/theckman/goconstraint v1.10.1-0.20180216224824-e867bde6e4e1 h1:mfdaXxuStmc4xg0E8hnKYM4jGMXhy7DHMpqnUCsSYwU=
github.com/theckman/goconstraint v1.10.1-0.20180216224824-e867bde6e4e1/go.mod h1:zkCR/f2kOULTk/h1ujgyB9BlCNLaqlQ6GN2Zl4mg81g=
github.com/urfave/cli v1.21.0/go.mod h1:lxDj6qX9Q6lWQxIrbrT0nwecwUtRnhVZAJjJZrVUZZQ=
github.com/yuin/goldmark v1.1.27/go.mod h1:3hX8gzYuyVAZsxl0MRgGTJEmQBFcNTphYh9decYSb74=
golang.org/x/crypto v0.0.0-20190308221718-c2843e01d9a2/go.mod h1:djNgcEr1/C05ACkg1iLfiJU5Ep61QUkGW8qpdssI0+w=
golang.org/x/crypto v0.0.0-20191011191535-87dc89f01550/go.mod h1:yigFU9vqHzYiE8UmvKecakEJjdnWj3jj499lnFckfCI=
golang.org/x/mod v0.1.1-0.20191105210325-c90efee705ee/go.mod h1:QqPTAvyqsEbceGzBzNggFXnrqF1CaUcvgkdR5Ot7KZg=
golang.org/x/mod v0.2.0/go.mod h1:s0Qsj1ACt9ePp/hMypM3fl4fZqREWJwdYDEqhRiZZUA=
golang.org/x/net v0.0.0-20190404232315-eb5bcb51f2a3/go.mod h1:t9HGtf8HONx5eT2rtn7q6eTqICYqUVnKs3thJo3Qplg=
golang.org/x/net v0.0.0-20190620200207-3b0461eec859/go.mod h1:z5CRVTTTmAJ677TzLLGU+0bjPO0LkuOLi4/5GtJWs/s=
golang.org/x/net v0.0.0-20200226121028-0de0cce0169b/go.mod h1:z5CRVTTTmAJ677TzLLGU+0bjPO0LkuOLi4/5GtJWs/s=
golang.org/x/sync v0.0.0-20190423024810-112230192c58/go.mod h1:RxMgew5VJxzue5/jJTE5uejpjVlOe/izrB70Jof72aM=
golang.org/x/sync v0.0.0-20190911185100-cd5d95a43a6e/go.mod h1:RxMgew5VJxzue5/jJTE5uejpjVlOe/izrB70Jof72aM=
golang.org/x/sys v0.0.0-20190215142949-d0b11bdaac8a/go.mod h1:STP8DvDyc/dI5b8T5hshtkjS+E42TnysNCUPdjciGhY=
golang.org/x/sys v0.0.0-20190412213103-97732733099d/go.mod h1:h1NjWce9XRLGQEsW7wpKNCjG9DtNlClVuFLEZdDNbEs=
golang.org/x/text v0.3.0/go.mod h1:NqM8EUOU14njkJ3fqMW+pc6Ldnwhi/IjpwHt7yyuwOQ=
golang.org/x/tools v0.0.0-20180125025630-25101aadb97a/go.mod h1:n7NCudcB/nEzxVGmLbDWY5pfWTLqBcC2KZ6jyYvM4mQ=
golang.org/x/tools v0.0.0-20191119224855-298f0cb1881e/go.mod h1:b+2E5dAYhXwXZwtnZ6UAqBI28+e2cm9otk0dWdXHAEo=
golang.org/x/tools v0.0.0-20200113040837-eac381796e91 h1:OOkytthzFBKHY5EfEgLUabprb0LtJVkQtNxAQ02+UE4=
golang.org/x/tools v0.0.0-20200113040837-eac381796e91/go.mod h1:TB2adYChydJhpapKDTa4BR/hXlZSLoq2Wpct/0txZ28=
golang.org/x/tools v0.0.0-20200507205054-480da3ebd79c h1:TDspWmUQsjdWzrHnd5imfaJSfhR4AO/R7kG++T2cONw=
golang.org/x/tools v0.0.0-20200507205054-480da3ebd79c/go.mod h1:EkVYQZoAsY45+roYkvgYkIh4xh/qjgUK9TdY2XT94GE=
golang.org/x/xerrors v0.0.0-20190717185122-a985d3407aa7/go.mod h1:I/5z698sn9Ka8TeJc9MKroUUfqBBauWjQqLJ2OPfmY0=
golang.org/x/xerrors v0.0.0-20191011141410-1b5146add898/go.mod h1:I/5z698sn9Ka8TeJc9MKroUUfqBBauWjQqLJ2OPfmY0=
golang.org/x/xerrors v0.0.0-20191204190536-9bdfabe68543/go.mod h1:I/5z698sn9Ka8TeJc9MKroUUfqBBauWjQqLJ2OPfmY0=
gopkg.in/check.v1 v0.0.0-20161208181325-20d25e280405/go.mod h1:Co6ibVJAznAaIkqp8huTwlJQCZ016jof/cbN4VW5Yz0=
gopkg.in/go-playground/colors.v1 v1.0.2-0.20150924111726-b53ecfb39623 h1:eHQV3ajZhtkfMwztTLNq/A+tsdeYyP489zGbHrCNV4g=
gopkg.in/go-playground/colors.v1 v1.0.2-0.20150924111726-b53ecfb39623/go.mod h1:AvbqcMpNXVl5gBrM20jBm3VjjKBbH/kI5UnqjU7lxFI=
gopkg.in/yaml.v2 v2.2.2/go.mod h1:hI93XBmqTisBFMUTm0b8Fm+jr3Dg1NNxqwp+5A1VGuI=
